{
  "version": 4,
  "terraform_version": "1.6.5",
  "serial": 42,
  "lineage": "d1936a2f-921e-05fb-4b0c-9b4fe88f6ba0",
  "outputs": {},
  "resources": [
    {
      "mode": "managed",
      "type": "azurerm_databricks_access_connector",
      "name": "example",
      "provider": "provider[\"registry.terraform.io/hashicorp/azurerm\"]",
      "instances": [
        {
          "schema_version": 0,
          "attributes": {
            "id": "/subscriptions/79b48dee-5bce-48bf-b25e-7b623f6cbc43/resourceGroups/resource_g/providers/Microsoft.Databricks/accessConnectors/databricks_access_container",
            "identity": [
              {
                "identity_ids": [],
                "principal_id": "92a7e6a2-bacf-4563-9b8c-a92dfb295a28",
                "tenant_id": "913189a9-2303-4585-a355-bffc4bfae511",
                "type": "SystemAssigned"
              }
            ],
            "location": "eastus",
            "name": "databricks_access_container",
            "resource_group_name": "resource_g",
            "tags": {},
            "timeouts": null
          },
          "sensitive_attributes": [],
          "private": "eyJlMmJmYjczMC1lY2FhLTExZTYtOGY4OC0zNDM2M2JjN2M0YzAiOnsiY3JlYXRlIjoxODAwMDAwMDAwMDAwLCJkZWxldGUiOjE4MDAwMDAwMDAwMDAsInJlYWQiOjMwMDAwMDAwMDAwMCwidXBkYXRlIjoxODAwMDAwMDAwMDAwfX0=",
          "dependencies": [
            "azurerm_resource_group.example"
          ]
        }
      ]
    },
    {
      "mode": "managed",
      "type": "azurerm_databricks_access_connector",
      "name": "external",
      "provider": "provider[\"registry.terraform.io/hashicorp/azurerm\"]",
      "instances": [
        {
          "schema_version": 0,
          "attributes": {
            "id": "/subscriptions/79b48dee-5bce-48bf-b25e-7b623f6cbc43/resourceGroups/resource_g/providers/Microsoft.Databricks/accessConnectors/databricks-ext-acc",
            "identity": [
              {
                "identity_ids": [],
                "principal_id": "be5d5e84-f421-4a67-a3fc-74d42a14ac3e",
                "tenant_id": "913189a9-2303-4585-a355-bffc4bfae511",
                "type": "SystemAssigned"
              }
            ],
            "location": "eastus",
            "name": "databricks-ext-acc",
            "resource_group_name": "resource_g",
            "tags": {},
            "timeouts": null
          },
          "sensitive_attributes": [],
          "private": "eyJlMmJmYjczMC1lY2FhLTExZTYtOGY4OC0zNDM2M2JjN2M0YzAiOnsiY3JlYXRlIjoxODAwMDAwMDAwMDAwLCJkZWxldGUiOjE4MDAwMDAwMDAwMDAsInJlYWQiOjMwMDAwMDAwMDAwMCwidXBkYXRlIjoxODAwMDAwMDAwMDAwfX0=",
          "dependencies": [
            "azurerm_databricks_workspace.example",
            "azurerm_resource_group.example"
          ]
        }
      ]
    },
    {
      "mode": "managed",
      "type": "azurerm_databricks_workspace",
      "name": "example",
      "provider": "provider[\"registry.terraform.io/hashicorp/azurerm\"]",
      "instances": [
        {
          "schema_version": 0,
          "attributes": {
            "custom_parameters": [
              {
                "machine_learning_workspace_id": "",
                "nat_gateway_name": "",
                "no_public_ip": false,
                "private_subnet_name": "",
                "private_subnet_network_security_group_association_id": "",
                "public_ip_name": "nat-gw-public-ip",
                "public_subnet_name": "",
                "public_subnet_network_security_group_association_id": "",
                "storage_account_name": "dbstorageokokwalxglrym",
                "storage_account_sku_name": "Standard_GRS",
                "virtual_network_id": "",
                "vnet_address_prefix": "10.139"
              }
            ],
            "customer_managed_key_enabled": false,
            "disk_encryption_set_id": null,
            "id": "/subscriptions/79b48dee-5bce-48bf-b25e-7b623f6cbc43/resourceGroups/resource_g/providers/Microsoft.Databricks/workspaces/databricks-testing-workspace",
            "infrastructure_encryption_enabled": false,
            "load_balancer_backend_address_pool_id": "",
            "location": "eastus",
            "managed_disk_cmk_key_vault_key_id": null,
            "managed_disk_cmk_rotation_to_latest_version_enabled": null,
            "managed_disk_identity": [],
            "managed_resource_group_id": "/subscriptions/79b48dee-5bce-48bf-b25e-7b623f6cbc43/resourceGroups/databricks-rg-resource_g",
            "managed_resource_group_name": "databricks-rg-resource_g",
            "managed_services_cmk_key_vault_key_id": null,
            "name": "databricks-testing-workspace",
            "network_security_group_rules_required": null,
            "public_network_access_enabled": true,
            "resource_group_name": "resource_g",
            "sku": "premium",
            "storage_account_identity": [],
            "tags": {
              "Environment": "Production"
            },
            "timeouts": null,
            "workspace_id": "1870400807420647",
            "workspace_url": "adb-1870400807420647.7.azuredatabricks.net"
          },
          "sensitive_attributes": [],
          "private": "eyJlMmJmYjczMC1lY2FhLTExZTYtOGY4OC0zNDM2M2JjN2M0YzAiOnsiY3JlYXRlIjoxODAwMDAwMDAwMDAwLCJkZWxldGUiOjE4MDAwMDAwMDAwMDAsInJlYWQiOjMwMDAwMDAwMDAwMCwidXBkYXRlIjoxODAwMDAwMDAwMDAwfX0=",
          "dependencies": [
            "azurerm_resource_group.example"
          ]
        }
      ]
    },
    {
      "mode": "managed",
      "type": "azurerm_resource_group",
      "name": "example",
      "provider": "provider[\"registry.terraform.io/hashicorp/azurerm\"]",
      "instances": [
        {
          "schema_version": 0,
          "attributes": {
            "id": "/subscriptions/79b48dee-5bce-48bf-b25e-7b623f6cbc43/resourceGroups/resource_g",
            "location": "eastus",
            "managed_by": "",
            "name": "resource_g",
            "tags": {},
            "timeouts": null
          },
          "sensitive_attributes": [],
          "private": "eyJlMmJmYjczMC1lY2FhLTExZTYtOGY4OC0zNDM2M2JjN2M0YzAiOnsiY3JlYXRlIjo1NDAwMDAwMDAwMDAwLCJkZWxldGUiOjU0MDAwMDAwMDAwMDAsInJlYWQiOjMwMDAwMDAwMDAwMCwidXBkYXRlIjo1NDAwMDAwMDAwMDAwfX0="
        }
      ]
    },
    {
      "mode": "managed",
      "type": "azurerm_role_assignment",
      "name": "ex_table",
      "provider": "provider[\"registry.terraform.io/hashicorp/azurerm\"]",
      "instances": [
        {
          "schema_version": 0,
          "attributes": {
            "condition": "",
            "condition_version": "",
            "delegated_managed_identity_resource_id": "",
            "description": "",
            "id": "/subscriptions/79b48dee-5bce-48bf-b25e-7b623f6cbc43/resourceGroups/resource_g/providers/Microsoft.Storage/storageAccounts/externaltablestorage/providers/Microsoft.Authorization/roleAssignments/62a8483a-da4d-c12c-4d2a-f1153a757789",
            "name": "62a8483a-da4d-c12c-4d2a-f1153a757789",
            "principal_id": "be5d5e84-f421-4a67-a3fc-74d42a14ac3e",
            "principal_type": "ServicePrincipal",
            "role_definition_id": "/subscriptions/79b48dee-5bce-48bf-b25e-7b623f6cbc43/providers/Microsoft.Authorization/roleDefinitions/ba92f5b4-2d11-453d-a403-e96b0029c9fe",
            "role_definition_name": "Storage Blob Data Contributor",
            "scope": "/subscriptions/79b48dee-5bce-48bf-b25e-7b623f6cbc43/resourceGroups/resource_g/providers/Microsoft.Storage/storageAccounts/externaltablestorage",
            "skip_service_principal_aad_check": null,
            "timeouts": null
          },
          "sensitive_attributes": [],
          "private": "eyJlMmJmYjczMC1lY2FhLTExZTYtOGY4OC0zNDM2M2JjN2M0YzAiOnsiY3JlYXRlIjoxODAwMDAwMDAwMDAwLCJkZWxldGUiOjE4MDAwMDAwMDAwMDAsInJlYWQiOjMwMDAwMDAwMDAwMH19",
          "dependencies": [
            "azurerm_databricks_access_connector.external",
            "azurerm_databricks_workspace.example",
            "azurerm_resource_group.example",
            "azurerm_storage_account.ex_table"
          ]
        }
      ]
    },
    {
      "mode": "managed",
      "type": "azurerm_role_assignment",
      "name": "example",
      "provider": "provider[\"registry.terraform.io/hashicorp/azurerm\"]",
      "instances": [
        {
          "schema_version": 0,
          "attributes": {
            "condition": "",
            "condition_version": "",
            "delegated_managed_identity_resource_id": "",
            "description": "",
            "id": "/subscriptions/79b48dee-5bce-48bf-b25e-7b623f6cbc43/resourceGroups/resource_g/providers/Microsoft.Authorization/roleAssignments/fc16b81c-d604-b5f7-80ae-f451bdd8954e",
            "name": "fc16b81c-d604-b5f7-80ae-f451bdd8954e",
            "principal_id": "37537613-8f3b-430b-b7ab-5a8e8a12dc80",
            "principal_type": "User",
            "role_definition_id": "/subscriptions/79b48dee-5bce-48bf-b25e-7b623f6cbc43/providers/Microsoft.Authorization/roleDefinitions/8e3af657-a8ff-443c-a75c-2fe8c4bcb635",
            "role_definition_name": "Owner",
            "scope": "/subscriptions/79b48dee-5bce-48bf-b25e-7b623f6cbc43/resourceGroups/resource_g",
            "skip_service_principal_aad_check": null,
            "timeouts": null
          },
          "sensitive_attributes": [],
          "private": "eyJlMmJmYjczMC1lY2FhLTExZTYtOGY4OC0zNDM2M2JjN2M0YzAiOnsiY3JlYXRlIjoxODAwMDAwMDAwMDAwLCJkZWxldGUiOjE4MDAwMDAwMDAwMDAsInJlYWQiOjMwMDAwMDAwMDAwMH19",
          "dependencies": [
            "azurerm_resource_group.example"
          ]
        }
      ]
    },
    {
      "mode": "managed",
      "type": "azurerm_role_assignment",
      "name": "this",
      "provider": "provider[\"registry.terraform.io/hashicorp/azurerm\"]",
      "instances": [
        {
          "schema_version": 0,
          "attributes": {
            "condition": "",
            "condition_version": "",
            "delegated_managed_identity_resource_id": "",
            "description": "",
            "id": "/subscriptions/79b48dee-5bce-48bf-b25e-7b623f6cbc43/resourceGroups/resource_g/providers/Microsoft.Storage/storageAccounts/azurestorageunity/providers/Microsoft.Authorization/roleAssignments/591005b3-e3d7-8e6b-e7c8-6b42dd5b9f87",
            "name": "591005b3-e3d7-8e6b-e7c8-6b42dd5b9f87",
            "principal_id": "92a7e6a2-bacf-4563-9b8c-a92dfb295a28",
            "principal_type": "ServicePrincipal",
            "role_definition_id": "/subscriptions/79b48dee-5bce-48bf-b25e-7b623f6cbc43/providers/Microsoft.Authorization/roleDefinitions/ba92f5b4-2d11-453d-a403-e96b0029c9fe",
            "role_definition_name": "Storage Blob Data Contributor",
            "scope": "/subscriptions/79b48dee-5bce-48bf-b25e-7b623f6cbc43/resourceGroups/resource_g/providers/Microsoft.Storage/storageAccounts/azurestorageunity",
            "skip_service_principal_aad_check": null,
            "timeouts": null
          },
          "sensitive_attributes": [],
          "private": "eyJlMmJmYjczMC1lY2FhLTExZTYtOGY4OC0zNDM2M2JjN2M0YzAiOnsiY3JlYXRlIjoxODAwMDAwMDAwMDAwLCJkZWxldGUiOjE4MDAwMDAwMDAwMDAsInJlYWQiOjMwMDAwMDAwMDAwMH19",
          "dependencies": [
            "azurerm_databricks_access_connector.example",
            "azurerm_resource_group.example",
            "azurerm_storage_account.unity_catalog"
          ]
        }
      ]
    },
    {
      "mode": "managed",
      "type": "azurerm_storage_account",
      "name": "ex_table",
      "provider": "provider[\"registry.terraform.io/hashicorp/azurerm\"]",
      "instances": [
        {
          "schema_version": 4,
          "attributes": {
            "access_tier": "Hot",
            "account_kind": "StorageV2",
            "account_replication_type": "GRS",
            "account_tier": "Standard",
            "allow_nested_items_to_be_public": true,
            "allowed_copy_scope": "",
            "azure_files_authentication": [],
            "blob_properties": [
              {
                "change_feed_enabled": false,
                "change_feed_retention_in_days": 0,
                "container_delete_retention_policy": [],
                "cors_rule": [],
                "default_service_version": "",
                "delete_retention_policy": [],
                "last_access_time_enabled": false,
                "restore_policy": [],
                "versioning_enabled": false
              }
            ],
            "cross_tenant_replication_enabled": true,
            "custom_domain": [],
            "customer_managed_key": [],
            "default_to_oauth_authentication": false,
            "edge_zone": "",
            "enable_https_traffic_only": true,
            "id": "/subscriptions/79b48dee-5bce-48bf-b25e-7b623f6cbc43/resourceGroups/resource_g/providers/Microsoft.Storage/storageAccounts/externaltablestorage",
            "identity": [],
            "immutability_policy": [],
            "infrastructure_encryption_enabled": false,
            "is_hns_enabled": true,
            "large_file_share_enabled": null,
            "local_user_enabled": true,
            "location": "eastus",
            "min_tls_version": "TLS1_2",
            "name": "externaltablestorage",
            "network_rules": [
              {
                "bypass": [
                  "AzureServices"
                ],
                "default_action": "Allow",
                "ip_rules": [],
                "private_link_access": [],
                "virtual_network_subnet_ids": []
              }
            ],
            "nfsv3_enabled": false,
            "primary_access_key": "XVCN3WsLpeQnOfCyENSDs+WZdKGZUbxPlJcmQjEdRg25oNBxZHHQvsnk4EL4qzPGU83XQvTdb23f+AStHsdnpA==",
            "primary_blob_connection_string": "DefaultEndpointsProtocol=https;BlobEndpoint=https://externaltablestorage.blob.core.windows.net/;AccountName=externaltablestorage;AccountKey=XVCN3WsLpeQnOfCyENSDs+WZdKGZUbxPlJcmQjEdRg25oNBxZHHQvsnk4EL4qzPGU83XQvTdb23f+AStHsdnpA==",
            "primary_blob_endpoint": "https://externaltablestorage.blob.core.windows.net/",
            "primary_blob_host": "externaltablestorage.blob.core.windows.net",
            "primary_blob_internet_endpoint": null,
            "primary_blob_internet_host": null,
            "primary_blob_microsoft_endpoint": null,
            "primary_blob_microsoft_host": null,
            "primary_connection_string": "DefaultEndpointsProtocol=https;AccountName=externaltablestorage;AccountKey=XVCN3WsLpeQnOfCyENSDs+WZdKGZUbxPlJcmQjEdRg25oNBxZHHQvsnk4EL4qzPGU83XQvTdb23f+AStHsdnpA==;EndpointSuffix=core.windows.net",
            "primary_dfs_endpoint": "https://externaltablestorage.dfs.core.windows.net/",
            "primary_dfs_host": "externaltablestorage.dfs.core.windows.net",
            "primary_dfs_internet_endpoint": null,
            "primary_dfs_internet_host": null,
            "primary_dfs_microsoft_endpoint": null,
            "primary_dfs_microsoft_host": null,
            "primary_file_endpoint": "https://externaltablestorage.file.core.windows.net/",
            "primary_file_host": "externaltablestorage.file.core.windows.net",
            "primary_file_internet_endpoint": null,
            "primary_file_internet_host": null,
            "primary_file_microsoft_endpoint": null,
            "primary_file_microsoft_host": null,
            "primary_location": "eastus",
            "primary_queue_endpoint": "https://externaltablestorage.queue.core.windows.net/",
            "primary_queue_host": "externaltablestorage.queue.core.windows.net",
            "primary_queue_microsoft_endpoint": null,
            "primary_queue_microsoft_host": null,
            "primary_table_endpoint": "https://externaltablestorage.table.core.windows.net/",
            "primary_table_host": "externaltablestorage.table.core.windows.net",
            "primary_table_microsoft_endpoint": null,
            "primary_table_microsoft_host": null,
            "primary_web_endpoint": "https://externaltablestorage.z13.web.core.windows.net/",
            "primary_web_host": "externaltablestorage.z13.web.core.windows.net",
            "primary_web_internet_endpoint": null,
            "primary_web_internet_host": null,
            "primary_web_microsoft_endpoint": null,
            "primary_web_microsoft_host": null,
            "public_network_access_enabled": true,
            "queue_encryption_key_type": "Service",
            "queue_properties": [
              {
                "cors_rule": [],
                "hour_metrics": [
                  {
                    "enabled": true,
                    "include_apis": true,
                    "retention_policy_days": 7,
                    "version": "1.0"
                  }
                ],
                "logging": [
                  {
                    "delete": false,
                    "read": false,
                    "retention_policy_days": 0,
                    "version": "1.0",
                    "write": false
                  }
                ],
                "minute_metrics": [
                  {
                    "enabled": false,
                    "include_apis": false,
                    "retention_policy_days": 0,
                    "version": "1.0"
                  }
                ]
              }
            ],
            "resource_group_name": "resource_g",
            "routing": [],
            "sas_policy": [],
            "secondary_access_key": "E6t5Eh8wFFu1SB4+kYXY/uE/ojPNLbPMy6HZkzYXhQeH5G7TrqdOOUFZ0lAVosnnZgO97Zpgr3Dp+AStxj9mMg==",
            "secondary_blob_connection_string": "",
            "secondary_blob_endpoint": null,
            "secondary_blob_host": null,
            "secondary_blob_internet_endpoint": null,
            "secondary_blob_internet_host": null,
            "secondary_blob_microsoft_endpoint": null,
            "secondary_blob_microsoft_host": null,
            "secondary_connection_string": "DefaultEndpointsProtocol=https;AccountName=externaltablestorage;AccountKey=E6t5Eh8wFFu1SB4+kYXY/uE/ojPNLbPMy6HZkzYXhQeH5G7TrqdOOUFZ0lAVosnnZgO97Zpgr3Dp+AStxj9mMg==;EndpointSuffix=core.windows.net",
            "secondary_dfs_endpoint": null,
            "secondary_dfs_host": null,
            "secondary_dfs_internet_endpoint": null,
            "secondary_dfs_internet_host": null,
            "secondary_dfs_microsoft_endpoint": null,
            "secondary_dfs_microsoft_host": null,
            "secondary_file_endpoint": null,
            "secondary_file_host": null,
            "secondary_file_internet_endpoint": null,
            "secondary_file_internet_host": null,
            "secondary_file_microsoft_endpoint": null,
            "secondary_file_microsoft_host": null,
            "secondary_location": "westus",
            "secondary_queue_endpoint": null,
            "secondary_queue_host": null,
            "secondary_queue_microsoft_endpoint": null,
            "secondary_queue_microsoft_host": null,
            "secondary_table_endpoint": null,
            "secondary_table_host": null,
            "secondary_table_microsoft_endpoint": null,
            "secondary_table_microsoft_host": null,
            "secondary_web_endpoint": null,
            "secondary_web_host": null,
            "secondary_web_internet_endpoint": null,
            "secondary_web_internet_host": null,
            "secondary_web_microsoft_endpoint": null,
            "secondary_web_microsoft_host": null,
            "sftp_enabled": false,
            "share_properties": [
              {
                "cors_rule": [],
                "retention_policy": [
                  {
                    "days": 7
                  }
                ],
                "smb": []
              }
            ],
            "shared_access_key_enabled": true,
            "static_website": [],
            "table_encryption_key_type": "Service",
            "tags": {},
            "timeouts": null
          },
          "sensitive_attributes": [],
          "private": "eyJlMmJmYjczMC1lY2FhLTExZTYtOGY4OC0zNDM2M2JjN2M0YzAiOnsiY3JlYXRlIjozNjAwMDAwMDAwMDAwLCJkZWxldGUiOjM2MDAwMDAwMDAwMDAsInJlYWQiOjMwMDAwMDAwMDAwMCwidXBkYXRlIjozNjAwMDAwMDAwMDAwfSwic2NoZW1hX3ZlcnNpb24iOiI0In0=",
          "dependencies": [
            "azurerm_resource_group.example"
          ]
        }
      ]
    },
    {
      "mode": "managed",
      "type": "azurerm_storage_account",
      "name": "unity_catalog",
      "provider": "provider[\"registry.terraform.io/hashicorp/azurerm\"]",
      "instances": [
        {
          "schema_version": 4,
          "attributes": {
            "access_tier": "Hot",
            "account_kind": "StorageV2",
            "account_replication_type": "GRS",
            "account_tier": "Standard",
            "allow_nested_items_to_be_public": true,
            "allowed_copy_scope": "",
            "azure_files_authentication": [],
            "blob_properties": [
              {
                "change_feed_enabled": false,
                "change_feed_retention_in_days": 0,
                "container_delete_retention_policy": [],
                "cors_rule": [],
                "default_service_version": "",
                "delete_retention_policy": [],
                "last_access_time_enabled": false,
                "restore_policy": [],
                "versioning_enabled": false
              }
            ],
            "cross_tenant_replication_enabled": true,
            "custom_domain": [],
            "customer_managed_key": [],
            "default_to_oauth_authentication": false,
            "edge_zone": "",
            "enable_https_traffic_only": true,
            "id": "/subscriptions/79b48dee-5bce-48bf-b25e-7b623f6cbc43/resourceGroups/resource_g/providers/Microsoft.Storage/storageAccounts/azurestorageunity",
            "identity": [],
            "immutability_policy": [],
            "infrastructure_encryption_enabled": false,
            "is_hns_enabled": true,
            "large_file_share_enabled": null,
            "local_user_enabled": true,
            "location": "eastus",
            "min_tls_version": "TLS1_2",
            "name": "azurestorageunity",
            "network_rules": [
              {
                "bypass": [
                  "AzureServices"
                ],
                "default_action": "Allow",
                "ip_rules": [],
                "private_link_access": [],
                "virtual_network_subnet_ids": []
              }
            ],
            "nfsv3_enabled": false,
            "primary_access_key": "ikprgm6itTtraWRP85kukMh9kXZcoB2w9GTfENHsyGd43KZS1C+sGLKq//bCBpZUAOSSlequ8l8k+AStglTcpA==",
            "primary_blob_connection_string": "DefaultEndpointsProtocol=https;BlobEndpoint=https://azurestorageunity.blob.core.windows.net/;AccountName=azurestorageunity;AccountKey=ikprgm6itTtraWRP85kukMh9kXZcoB2w9GTfENHsyGd43KZS1C+sGLKq//bCBpZUAOSSlequ8l8k+AStglTcpA==",
            "primary_blob_endpoint": "https://azurestorageunity.blob.core.windows.net/",
            "primary_blob_host": "azurestorageunity.blob.core.windows.net",
            "primary_blob_internet_endpoint": null,
            "primary_blob_internet_host": null,
            "primary_blob_microsoft_endpoint": null,
            "primary_blob_microsoft_host": null,
            "primary_connection_string": "DefaultEndpointsProtocol=https;AccountName=azurestorageunity;AccountKey=ikprgm6itTtraWRP85kukMh9kXZcoB2w9GTfENHsyGd43KZS1C+sGLKq//bCBpZUAOSSlequ8l8k+AStglTcpA==;EndpointSuffix=core.windows.net",
            "primary_dfs_endpoint": "https://azurestorageunity.dfs.core.windows.net/",
            "primary_dfs_host": "azurestorageunity.dfs.core.windows.net",
            "primary_dfs_internet_endpoint": null,
            "primary_dfs_internet_host": null,
            "primary_dfs_microsoft_endpoint": null,
            "primary_dfs_microsoft_host": null,
            "primary_file_endpoint": "https://azurestorageunity.file.core.windows.net/",
            "primary_file_host": "azurestorageunity.file.core.windows.net",
            "primary_file_internet_endpoint": null,
            "primary_file_internet_host": null,
            "primary_file_microsoft_endpoint": null,
            "primary_file_microsoft_host": null,
            "primary_location": "eastus",
            "primary_queue_endpoint": "https://azurestorageunity.queue.core.windows.net/",
            "primary_queue_host": "azurestorageunity.queue.core.windows.net",
            "primary_queue_microsoft_endpoint": null,
            "primary_queue_microsoft_host": null,
            "primary_table_endpoint": "https://azurestorageunity.table.core.windows.net/",
            "primary_table_host": "azurestorageunity.table.core.windows.net",
            "primary_table_microsoft_endpoint": null,
            "primary_table_microsoft_host": null,
            "primary_web_endpoint": "https://azurestorageunity.z13.web.core.windows.net/",
            "primary_web_host": "azurestorageunity.z13.web.core.windows.net",
            "primary_web_internet_endpoint": null,
            "primary_web_internet_host": null,
            "primary_web_microsoft_endpoint": null,
            "primary_web_microsoft_host": null,
            "public_network_access_enabled": true,
            "queue_encryption_key_type": "Service",
            "queue_properties": [
              {
                "cors_rule": [],
                "hour_metrics": [
                  {
                    "enabled": true,
                    "include_apis": true,
                    "retention_policy_days": 7,
                    "version": "1.0"
                  }
                ],
                "logging": [
                  {
                    "delete": false,
                    "read": false,
                    "retention_policy_days": 0,
                    "version": "1.0",
                    "write": false
                  }
                ],
                "minute_metrics": [
                  {
                    "enabled": false,
                    "include_apis": false,
                    "retention_policy_days": 0,
                    "version": "1.0"
                  }
                ]
              }
            ],
            "resource_group_name": "resource_g",
            "routing": [],
            "sas_policy": [],
            "secondary_access_key": "hKDkAnlrl4Zd7+gIll+QsGnp3TKS5r1BIYfLbE8KkXYrlFRYaj5iDX+ldTFL7HNKPejfoW/PAnV5+AStgCpCQA==",
            "secondary_blob_connection_string": "",
            "secondary_blob_endpoint": null,
            "secondary_blob_host": null,
            "secondary_blob_internet_endpoint": null,
            "secondary_blob_internet_host": null,
            "secondary_blob_microsoft_endpoint": null,
            "secondary_blob_microsoft_host": null,
            "secondary_connection_string": "DefaultEndpointsProtocol=https;AccountName=azurestorageunity;AccountKey=hKDkAnlrl4Zd7+gIll+QsGnp3TKS5r1BIYfLbE8KkXYrlFRYaj5iDX+ldTFL7HNKPejfoW/PAnV5+AStgCpCQA==;EndpointSuffix=core.windows.net",
            "secondary_dfs_endpoint": null,
            "secondary_dfs_host": null,
            "secondary_dfs_internet_endpoint": null,
            "secondary_dfs_internet_host": null,
            "secondary_dfs_microsoft_endpoint": null,
            "secondary_dfs_microsoft_host": null,
            "secondary_file_endpoint": null,
            "secondary_file_host": null,
            "secondary_file_internet_endpoint": null,
            "secondary_file_internet_host": null,
            "secondary_file_microsoft_endpoint": null,
            "secondary_file_microsoft_host": null,
            "secondary_location": "westus",
            "secondary_queue_endpoint": null,
            "secondary_queue_host": null,
            "secondary_queue_microsoft_endpoint": null,
            "secondary_queue_microsoft_host": null,
            "secondary_table_endpoint": null,
            "secondary_table_host": null,
            "secondary_table_microsoft_endpoint": null,
            "secondary_table_microsoft_host": null,
            "secondary_web_endpoint": null,
            "secondary_web_host": null,
            "secondary_web_internet_endpoint": null,
            "secondary_web_internet_host": null,
            "secondary_web_microsoft_endpoint": null,
            "secondary_web_microsoft_host": null,
            "sftp_enabled": false,
            "share_properties": [
              {
                "cors_rule": [],
                "retention_policy": [
                  {
                    "days": 7
                  }
                ],
                "smb": []
              }
            ],
            "shared_access_key_enabled": true,
            "static_website": [],
            "table_encryption_key_type": "Service",
            "tags": {},
            "timeouts": null
          },
          "sensitive_attributes": [],
          "private": "eyJlMmJmYjczMC1lY2FhLTExZTYtOGY4OC0zNDM2M2JjN2M0YzAiOnsiY3JlYXRlIjozNjAwMDAwMDAwMDAwLCJkZWxldGUiOjM2MDAwMDAwMDAwMDAsInJlYWQiOjMwMDAwMDAwMDAwMCwidXBkYXRlIjozNjAwMDAwMDAwMDAwfSwic2NoZW1hX3ZlcnNpb24iOiI0In0=",
          "dependencies": [
            "azurerm_resource_group.example"
          ]
        }
      ]
    },
    {
      "mode": "managed",
      "type": "azurerm_storage_container",
      "name": "ex_table",
      "provider": "provider[\"registry.terraform.io/hashicorp/azurerm\"]",
      "instances": [
        {
          "schema_version": 1,
          "attributes": {
            "container_access_type": "private",
            "has_immutability_policy": false,
            "has_legal_hold": false,
            "id": "https://externaltablestorage.blob.core.windows.net/data-container",
            "metadata": {},
            "name": "data-container",
            "resource_manager_id": "/subscriptions/79b48dee-5bce-48bf-b25e-7b623f6cbc43/resourceGroups/resource_g/providers/Microsoft.Storage/storageAccounts/externaltablestorage/blobServices/default/containers/data-container",
            "storage_account_name": "externaltablestorage",
            "timeouts": null
          },
          "sensitive_attributes": [],
          "private": "eyJlMmJmYjczMC1lY2FhLTExZTYtOGY4OC0zNDM2M2JjN2M0YzAiOnsiY3JlYXRlIjoxODAwMDAwMDAwMDAwLCJkZWxldGUiOjE4MDAwMDAwMDAwMDAsInJlYWQiOjMwMDAwMDAwMDAwMCwidXBkYXRlIjoxODAwMDAwMDAwMDAwfSwic2NoZW1hX3ZlcnNpb24iOiIxIn0=",
          "dependencies": [
            "azurerm_resource_group.example",
            "azurerm_storage_account.ex_table"
          ]
        }
      ]
    },
    {
      "mode": "managed",
      "type": "azurerm_storage_container",
      "name": "unity_catalog",
      "provider": "provider[\"registry.terraform.io/hashicorp/azurerm\"]",
      "instances": [
        {
          "schema_version": 1,
          "attributes": {
            "container_access_type": "private",
            "has_immutability_policy": false,
            "has_legal_hold": false,
            "id": "https://azurestorageunity.blob.core.windows.net/new-container",
            "metadata": {},
            "name": "new-container",
            "resource_manager_id": "/subscriptions/79b48dee-5bce-48bf-b25e-7b623f6cbc43/resourceGroups/resource_g/providers/Microsoft.Storage/storageAccounts/azurestorageunity/blobServices/default/containers/new-container",
            "storage_account_name": "azurestorageunity",
            "timeouts": null
          },
          "sensitive_attributes": [],
          "private": "eyJlMmJmYjczMC1lY2FhLTExZTYtOGY4OC0zNDM2M2JjN2M0YzAiOnsiY3JlYXRlIjoxODAwMDAwMDAwMDAwLCJkZWxldGUiOjE4MDAwMDAwMDAwMDAsInJlYWQiOjMwMDAwMDAwMDAwMCwidXBkYXRlIjoxODAwMDAwMDAwMDAwfSwic2NoZW1hX3ZlcnNpb24iOiIxIn0=",
          "dependencies": [
            "azurerm_resource_group.example",
            "azurerm_storage_account.unity_catalog"
          ]
        }
      ]
    },
    {
      "mode": "managed",
      "type": "databricks_catalog",
      "name": "ext",
      "provider": "provider[\"registry.terraform.io/databricks/databricks\"]",
      "instances": [
        {
          "schema_version": 0,
          "attributes": {
            "comment": "this catalog is managed by terraform",
            "connection_name": null,
            "force_destroy": false,
            "id": "dest_catalog",
            "isolation_mode": "OPEN",
            "metastore_id": "867fff87-4582-4de7-839f-91dc84f338b2",
            "name": "dest_catalog",
            "options": null,
            "owner": "shivam6268tiwari@gmail.com",
            "properties": {
              "purpose": "testing"
            },
            "provider_name": null,
            "share_name": null,
            "storage_root": null
          },
          "sensitive_attributes": [],
          "private": "bnVsbA=="
        }
      ]
    },
    {
      "mode": "managed",
      "type": "databricks_cluster",
      "name": "this",
      "provider": "provider[\"registry.terraform.io/databricks/databricks\"]",
      "instances": [
        {
          "schema_version": 2,
          "attributes": {
            "apply_policy_default_values": null,
            "autoscale": [],
            "autotermination_minutes": 10,
            "aws_attributes": [],
            "azure_attributes": [
              {
                "availability": "ON_DEMAND_AZURE",
                "first_on_demand": 1,
                "spot_bid_max_price": -1
              }
            ],
            "cluster_id": "0219-132008-8nmc9jgj",
            "cluster_log_conf": [],
            "cluster_mount_info": [],
            "cluster_name": "Cluster_demo",
            "custom_tags": {
              "ResourceClass": "SingleNode"
            },
            "data_security_mode": "SINGLE_USER",
            "default_tags": {
              "ClusterId": "0219-132008-8nmc9jgj",
              "ClusterName": "Cluster_demo",
              "Creator": "shivam6268tiwari@gmail.com",
              "Environment": "Production",
              "Vendor": "Databricks"
            },
            "docker_image": [],
            "driver_instance_pool_id": null,
            "driver_node_type_id": "Standard_DS3_v2",
            "enable_elastic_disk": true,
            "enable_local_disk_encryption": false,
            "gcp_attributes": [],
            "id": "0219-132008-8nmc9jgj",
            "idempotency_token": null,
            "init_scripts": [],
            "instance_pool_id": null,
            "is_pinned": false,
            "library": [],
            "node_type_id": "Standard_DS3_v2",
            "num_workers": 0,
            "policy_id": null,
            "runtime_engine": null,
            "single_user_name": "",
            "spark_conf": {
              "datanucleus.autoCreateSchema": "false",
              "datanucleus.fixedDatastore": "true",
              "fs.azure.account.key.azurestorageunity.dfs.core.windows.net": "ikprgm6itTtraWRP85kukMh9kXZcoB2w9GTfENHsyGd43KZS1C+sGLKq//bCBpZUAOSSlequ8l8k+AStglTcpA==",
              "fs.azure.account.key.externaltablestorage .dfs.core.windows.net": "XVCN3WsLpeQnOfCyENSDs+WZdKGZUbxPlJcmQjEdRg25oNBxZHHQvsnk4EL4qzPGU83XQvTdb23f+AStHsdnpA==",
              "spark.databricks.cluster.profile": "singleNode",
              "spark.hadoop.javax.jdo.option.ConnectionDriverName": "com.microsoft.sqlserver.jdbc.SQLServerDriver",
              "spark.hadoop.javax.jdo.option.ConnectionPassword": "admin@123",
              "spark.hadoop.javax.jdo.option.ConnectionURL": "jdbc:sqlserver://sqldemotesting.database.windows.net:1433;database=sqldemo1;encrypt=true;trustServerCertificate=false;hostNameInCertificate=*.database.windows.net;loginTimeout=30;",
              "spark.hadoop.javax.jdo.option.ConnectionUserName": "sqladmin",
              "spark.hadoop.metastore.catalog.default": "hive",
              "spark.master": "local[*]",
              "spark.sql.hive.metastore.jars": "builtin",
              "spark.sql.hive.metastore.version": "2.3.9"
            },
            "spark_env_vars": null,
            "spark_version": "13.3.x-scala2.12",
            "ssh_public_keys": null,
            "state": "RUNNING",
            "timeouts": null,
            "url": "https://adb-1870400807420647.7.azuredatabricks.net/#setting/clusters/0219-132008-8nmc9jgj/configuration",
            "workload_type": []
          },
          "sensitive_attributes": [],
          "private": "eyJlMmJmYjczMC1lY2FhLTExZTYtOGY4OC0zNDM2M2JjN2M0YzAiOnsiY3JlYXRlIjoxODAwMDAwMDAwMDAwLCJkZWxldGUiOjE4MDAwMDAwMDAwMDAsInVwZGF0ZSI6MTgwMDAwMDAwMDAwMH0sInNjaGVtYV92ZXJzaW9uIjoiMiJ9"
        }
      ]
    },
    {
      "mode": "managed",
      "type": "databricks_external_location",
      "name": "external",
      "provider": "provider[\"registry.terraform.io/databricks/databricks\"]",
      "instances": [
        {
          "schema_version": 0,
          "attributes": {
            "access_point": null,
            "comment": "Managed by TF",
            "credential_name": "storage_cred_unity",
            "encryption_details": [],
            "force_destroy": null,
            "force_update": null,
            "id": "external",
            "metastore_id": "867fff87-4582-4de7-839f-91dc84f338b2",
            "name": "external",
            "owner": "shivam6268tiwari@gmail.com",
            "read_only": false,
            "skip_validation": null,
            "url": "abfss://new-container@azurestorageunity.dfs.core.windows.net/"
          },
          "sensitive_attributes": [],
          "private": "bnVsbA==",
          "dependencies": [
            "azurerm_databricks_access_connector.example",
            "azurerm_resource_group.example",
            "azurerm_storage_account.unity_catalog",
            "azurerm_storage_container.unity_catalog",
            "databricks_storage_credential.external"
          ]
        }
      ]
    },
    {
      "mode": "managed",
      "type": "databricks_external_location",
      "name": "storage_external",
      "provider": "provider[\"registry.terraform.io/databricks/databricks\"]",
      "instances": [
        {
          "schema_version": 0,
          "attributes": {
            "access_point": null,
            "comment": "Managed by TF",
            "credential_name": "external_storage_cred",
            "encryption_details": [],
            "force_destroy": null,
            "force_update": null,
            "id": "extb",
            "metastore_id": "867fff87-4582-4de7-839f-91dc84f338b2",
            "name": "extb",
            "owner": "shivam6268tiwari@gmail.com",
            "read_only": false,
            "skip_validation": null,
            "url": "abfss://data-container@externaltablestorage.dfs.core.windows.net/"
          },
          "sensitive_attributes": [],
          "private": "bnVsbA==",
          "dependencies": [
            "azurerm_databricks_access_connector.external",
            "azurerm_databricks_workspace.example",
            "azurerm_resource_group.example",
            "azurerm_role_assignment.ex_table",
            "azurerm_storage_account.ex_table",
            "azurerm_storage_container.ex_table",
            "databricks_storage_credential.storage_external"
          ]
        }
      ]
    },
    {
      "mode": "managed",
      "type": "databricks_job",
      "name": "this",
      "provider": "provider[\"registry.terraform.io/databricks/databricks\"]",
      "instances": [
        {
          "schema_version": 2,
          "attributes": {
            "always_running": false,
            "compute": [],
            "continuous": [],
            "control_run_state": false,
            "dbt_task": [],
            "deployment": [],
            "description": null,
            "edit_mode": null,
            "email_notifications": [
              {
                "no_alert_for_skipped_runs": false,
                "on_duration_warning_threshold_exceeded": [],
                "on_failure": [],
                "on_start": [],
                "on_success": []
              }
            ],
            "existing_cluster_id": "0219-132008-8nmc9jgj",
            "format": "SINGLE_TASK",
            "git_source": [],
            "health": [],
            "id": "974630025032984",
            "job_cluster": [],
            "library": [],
            "max_concurrent_runs": 1,
            "max_retries": 0,
            "min_retry_interval_millis": 0,
            "name": "job1",
            "new_cluster": [],
            "notebook_task": [
              {
                "base_parameters": {},
                "notebook_path": "/Terraform/notebook1",
                "source": "WORKSPACE"
              }
            ],
            "notification_settings": [],
            "parameter": [],
            "pipeline_task": [],
            "python_wheel_task": [],
            "queue": [],
            "retry_on_timeout": false,
            "run_as": [
              {
                "service_principal_name": "",
                "user_name": "shivam6268tiwari@gmail.com"
              }
            ],
            "run_job_task": [],
            "schedule": [],
            "spark_jar_task": [],
            "spark_python_task": [],
            "spark_submit_task": [],
            "tags": null,
            "task": [],
            "timeout_seconds": 0,
            "timeouts": null,
            "trigger": [],
            "url": "https://adb-1870400807420647.7.azuredatabricks.net/#job/974630025032984",
            "webhook_notifications": [
              {
                "on_duration_warning_threshold_exceeded": [],
                "on_failure": [],
                "on_start": [],
                "on_success": []
              }
            ]
          },
          "sensitive_attributes": [],
          "private": "eyJlMmJmYjczMC1lY2FhLTExZTYtOGY4OC0zNDM2M2JjN2M0YzAiOnsiY3JlYXRlIjoxODAwMDAwMDAwMDAwLCJ1cGRhdGUiOjE4MDAwMDAwMDAwMDB9LCJzY2hlbWFfdmVyc2lvbiI6IjIifQ==",
          "dependencies": [
            "databricks_cluster.this",
            "databricks_notebook.this"
          ]
        }
      ]
    },
    {
      "mode": "managed",
      "type": "databricks_metastore",
      "name": "this",
      "provider": "provider[\"registry.terraform.io/databricks/databricks\"]",
      "instances": [
        {
          "schema_version": 0,
          "attributes": {
            "cloud": "azure",
            "created_at": 1708346971925,
            "created_by": "shivam6268tiwari@gmail.com",
            "default_data_access_config_id": null,
            "delta_sharing_organization_name": null,
            "delta_sharing_recipient_token_lifetime_in_seconds": 0,
            "delta_sharing_scope": "INTERNAL",
            "force_destroy": true,
            "global_metastore_id": "azure:eastus:867fff87-4582-4de7-839f-91dc84f338b2",
            "id": "867fff87-4582-4de7-839f-91dc84f338b2",
            "metastore_id": "867fff87-4582-4de7-839f-91dc84f338b2",
            "name": "demo_metastore",
            "owner": "shivam6268tiwari@gmail.com",
            "region": "eastus",
            "storage_root": "abfss://new-container@azurestorageunity.dfs.core.windows.net/867fff87-4582-4de7-839f-91dc84f338b2",
            "storage_root_credential_id": null,
            "updated_at": 1708346974285,
            "updated_by": "shivam6268tiwari@gmail.com"
          },
          "sensitive_attributes": [],
          "private": "bnVsbA==",
          "dependencies": [
            "azurerm_resource_group.example",
            "azurerm_storage_account.unity_catalog",
            "azurerm_storage_container.unity_catalog"
          ]
        }
      ]
    },
    {
      "mode": "managed",
      "type": "databricks_metastore_assignment",
      "name": "this",
      "provider": "provider[\"registry.terraform.io/databricks/databricks\"]",
      "instances": [
        {
          "schema_version": 0,
          "attributes": {
            "default_catalog_name": "metastore_Assignment",
            "id": "1870400807420647|867fff87-4582-4de7-839f-91dc84f338b2",
            "metastore_id": "867fff87-4582-4de7-839f-91dc84f338b2",
            "workspace_id": 1870400807420647
          },
          "sensitive_attributes": [],
          "private": "bnVsbA==",
          "dependencies": [
            "azurerm_databricks_workspace.example",
            "azurerm_resource_group.example",
            "azurerm_storage_account.unity_catalog",
            "azurerm_storage_container.unity_catalog",
            "databricks_metastore.this"
          ]
        }
      ]
    },
    {
      "mode": "managed",
      "type": "databricks_notebook",
      "name": "this",
      "provider": "provider[\"registry.terraform.io/databricks/databricks\"]",
      "instances": [
        {
          "schema_version": 1,
          "attributes": {
            "content_base64": "ICAgIA0KDQoNCnN5bmMgc2NoZW1hIGRlc3RfY2F0YWxvZy5kZXN0X3NjaGVtYSBmcm9tIGhpdmVfbWV0YXN0b3JlLnNvdXJjZV9kYXRhYmFzZTsNCiAgICANCg0K",
            "format": "SOURCE",
            "id": "/Terraform/notebook1",
            "language": "SQL",
            "md5": "794b43716320cf04224c1ab6b73a831e",
            "object_id": 697930652957715,
            "object_type": "NOTEBOOK",
            "path": "/Terraform/notebook1",
            "source": null,
            "url": "https://adb-1870400807420647.7.azuredatabricks.net/#workspace/Terraform/notebook1"
          },
          "sensitive_attributes": [],
          "private": "eyJzY2hlbWFfdmVyc2lvbiI6IjEifQ=="
        }
      ]
    },
    {
      "mode": "managed",
      "type": "databricks_schema",
      "name": "ext",
      "provider": "provider[\"registry.terraform.io/databricks/databricks\"]",
      "instances": [
        {
          "schema_version": 0,
          "attributes": {
            "catalog_name": "dest_catalog",
            "comment": "this database is managed by terraform",
            "force_destroy": false,
            "id": "dest_catalog.dest_schema",
            "metastore_id": "867fff87-4582-4de7-839f-91dc84f338b2",
            "name": "dest_schema",
            "owner": "shivam6268tiwari@gmail.com",
            "properties": {
              "kind": "various"
            },
            "storage_root": null
          },
          "sensitive_attributes": [],
          "private": "bnVsbA==",
          "dependencies": [
            "databricks_catalog.ext"
          ]
        }
      ]
    },
    {
      "mode": "managed",
      "type": "databricks_storage_credential",
      "name": "external",
      "provider": "provider[\"registry.terraform.io/databricks/databricks\"]",
      "instances": [
        {
          "schema_version": 0,
          "attributes": {
            "aws_iam_role": [],
            "azure_managed_identity": [
              {
                "access_connector_id": "/subscriptions/79b48dee-5bce-48bf-b25e-7b623f6cbc43/resourceGroups/resource_g/providers/Microsoft.Databricks/accessConnectors/databricks_access_container",
                "credential_id": "af58341c-0182-4d7f-a92a-3d283a82c1bd",
                "managed_identity_id": ""
              }
            ],
            "azure_service_principal": [],
            "comment": "External Storage Account",
            "databricks_gcp_service_account": [],
            "force_destroy": null,
            "gcp_service_account_key": [],
            "id": "storage_cred_unity",
            "metastore_id": "867fff87-4582-4de7-839f-91dc84f338b2",
            "name": "storage_cred_unity",
            "owner": "shivam6268tiwari@gmail.com",
            "read_only": false
          },
          "sensitive_attributes": [],
          "private": "bnVsbA==",
          "dependencies": [
            "azurerm_databricks_access_connector.example",
            "azurerm_resource_group.example"
          ]
        }
      ]
    },
    {
      "mode": "managed",
      "type": "databricks_storage_credential",
      "name": "storage_external",
      "provider": "provider[\"registry.terraform.io/databricks/databricks\"]",
      "instances": [
        {
          "schema_version": 0,
          "attributes": {
            "aws_iam_role": [],
            "azure_managed_identity": [
              {
                "access_connector_id": "/subscriptions/79b48dee-5bce-48bf-b25e-7b623f6cbc43/resourceGroups/resource_g/providers/Microsoft.Databricks/accessConnectors/databricks-ext-acc",
                "credential_id": "38907918-9590-4494-9991-6b027d207712",
                "managed_identity_id": ""
              }
            ],
            "azure_service_principal": [],
            "comment": "External Storage Account",
            "databricks_gcp_service_account": [],
            "force_destroy": null,
            "gcp_service_account_key": [],
            "id": "external_storage_cred",
            "metastore_id": "867fff87-4582-4de7-839f-91dc84f338b2",
            "name": "external_storage_cred",
            "owner": "shivam6268tiwari@gmail.com",
            "read_only": false
          },
          "sensitive_attributes": [],
          "private": "bnVsbA==",
          "dependencies": [
            "azurerm_databricks_access_connector.external",
            "azurerm_databricks_workspace.example",
            "azurerm_resource_group.example",
            "azurerm_role_assignment.ex_table",
            "azurerm_storage_account.ex_table"
          ]
        }
      ]
    }
  ],
  "check_results": null
}
